// !$*UTF8*$!
{
	archiveVersion = 1;
	classes = {
	};
	objectVersion = 52;
	objects = {

/* Begin PBXBuildFile section */
		AC6F29D122CCEF34006200E0 /* AppDelegate.swift in Sources */ = {isa = PBXBuildFile; fileRef = AC6F29D022CCEF34006200E0 /* AppDelegate.swift */; };
		AC6F29D322CCEF34006200E0 /* SceneDelegate.swift in Sources */ = {isa = PBXBuildFile; fileRef = AC6F29D222CCEF34006200E0 /* SceneDelegate.swift */; };
		AC6F29D522CCEF34006200E0 /* ViewController.swift in Sources */ = {isa = PBXBuildFile; fileRef = AC6F29D422CCEF34006200E0 /* ViewController.swift */; };
		AC6F29D822CCEF34006200E0 /* Main.storyboard in Resources */ = {isa = PBXBuildFile; fileRef = AC6F29D622CCEF34006200E0 /* Main.storyboard */; };
		AC6F29DA22CCEF3A006200E0 /* Assets.xcassets in Resources */ = {isa = PBXBuildFile; fileRef = AC6F29D922CCEF3A006200E0 /* Assets.xcassets */; };
		AC6F29DD22CCEF3A006200E0 /* LaunchScreen.storyboard in Resources */ = {isa = PBXBuildFile; fileRef = AC6F29DB22CCEF3A006200E0 /* LaunchScreen.storyboard */; };
		AC6F29E622CCEF7D006200E0 /* Alamofire in Frameworks */ = {isa = PBXBuildFile; productRef = AC6F29E522CCEF7D006200E0 /* Alamofire */; };
/* End PBXBuildFile section */

/* Begin PBXFileReference section */
		AC6F29CD22CCEF34006200E0 /* AlamofireForMe.app */ = {isa = PBXFileReference; explicitFileType = wrapper.application; includeInIndex = 0; path = AlamofireForMe.app; sourceTree = BUILT_PRODUCTS_DIR; };
		AC6F29D022CCEF34006200E0 /* AppDelegate.swift */ = {isa = PBXFileReference; lastKnownFileType = sourcecode.swift; path = AppDelegate.swift; sourceTree = "<group>"; };
		AC6F29D222CCEF34006200E0 /* SceneDelegate.swift */ = {isa = PBXFileReference; lastKnownFileType = sourcecode.swift; path = SceneDelegate.swift; sourceTree = "<group>"; };
		AC6F29D422CCEF34006200E0 /* ViewController.swift */ = {isa = PBXFileReference; lastKnownFileType = sourcecode.swift; path = ViewController.swift; sourceTree = "<group>"; };
		AC6F29D722CCEF34006200E0 /* Base */ = {isa = PBXFileReference; lastKnownFileType = file.storyboard; name = Base; path = Base.lproj/Main.storyboard; sourceTree = "<group>"; };
		AC6F29D922CCEF3A006200E0 /* Assets.xcassets */ = {isa = PBXFileReference; lastKnownFileType = folder.assetcatalog; path = Assets.xcassets; sourceTree = "<group>"; };
		AC6F29DC22CCEF3A006200E0 /* Base */ = {isa = PBXFileReference; lastKnownFileType = file.storyboard; name = Base; path = Base.lproj/LaunchScreen.storyboard; sourceTree = "<group>"; };
		AC6F29DE22CCEF3A006200E0 /* Info.plist */ = {isa = PBXFileReference; lastKnownFileType = text.plist.xml; path = Info.plist; sourceTree = "<group>"; };
/* End PBXFileReference section */

/* Begin PBXFrameworksBuildPhase section */
		AC6F29CA22CCEF34006200E0 /* Frameworks */ = {
			isa = PBXFrameworksBuildPhase;
			buildActionMask = 2147483647;
			files = (
				AC6F29E622CCEF7D006200E0 /* Alamofire in Frameworks */,
			);
			runOnlyForDeploymentPostprocessing = 0;
		};
/* End PBXFrameworksBuildPhase section */

/* Begin PBXGroup section */
		AC6F29C422CCEF34006200E0 = {
			isa = PBXGroup;
			children = (
				AC6F29CF22CCEF34006200E0 /* AlamofireForMe */,
				AC6F29CE22CCEF34006200E0 /* Products */,
			);
			sourceTree = "<group>";
		};
		AC6F29CE22CCEF34006200E0 /* Products */ = {
			isa = PBXGroup;
			children = (
				AC6F29CD22CCEF34006200E0 /* AlamofireForMe.app */,
			);
			name = Products;
			sourceTree = "<group>";
		};
		AC6F29CF22CCEF34006200E0 /* AlamofireForMe */ = {
			isa = PBXGroup;
			children = (
				AC6F29D022CCEF34006200E0 /* AppDelegate.swift */,
				AC6F29D222CCEF34006200E0 /* SceneDelegate.swift */,
				AC6F29D422CCEF34006200E0 /* ViewController.swift */,
				AC6F29D622CCEF34006200E0 /* Main.storyboard */,
				AC6F29D922CCEF3A006200E0 /* Assets.xcassets */,
				AC6F29DB22CCEF3A006200E0 /* LaunchScreen.storyboard */,
				AC6F29DE22CCEF3A006200E0 /* Info.plist */,
			);
			path = AlamofireForMe;
			sourceTree = "<group>";
		};
/* End PBXGroup section */

/* Begin PBXNativeTarget section */
		AC6F29CC22CCEF34006200E0 /* AlamofireForMe */ = {
			isa = PBXNativeTarget;
			buildConfigurationList = AC6F29E122CCEF3A006200E0 /* Build configuration list for PBXNativeTarget "AlamofireForMe" */;
			buildPhases = (
				AC6F29C922CCEF34006200E0 /* Sources */,
				AC6F29CA22CCEF34006200E0 /* Frameworks */,
				AC6F29CB22CCEF34006200E0 /* Resources */,
			);
			buildRules = (
			);
			dependencies = (
			);
			name = AlamofireForMe;
			packageProductDependencies = (
				AC6F29E522CCEF7D006200E0 /* Alamofire */,
			);
			productName = AlamofireForMe;
			productReference = AC6F29CD22CCEF34006200E0 /* AlamofireForMe.app */;
			productType = "com.apple.product-type.application";
		};
/* End PBXNativeTarget section */

/* Begin PBXProject section */
		AC6F29C522CCEF34006200E0 /* Project object */ = {
			isa = PBXProject;
			attributes = {
				LastSwiftUpdateCheck = 1100;
				LastUpgradeCheck = 1100;
				ORGANIZATIONNAME = "Артем";
				TargetAttributes = {
					AC6F29CC22CCEF34006200E0 = {
						CreatedOnToolsVersion = 11.0;
					};
				};
			};
			buildConfigurationList = AC6F29C822CCEF34006200E0 /* Build configuration list for PBXProject "AlamofireForMe" */;
			compatibilityVersion = "Xcode 9.3";
			developmentRegion = en;
			hasScannedForEncodings = 0;
			knownRegions = (
				en,
				Base,
			);
			mainGroup = AC6F29C422CCEF34006200E0;
			packageReferences = (
				AC6F29E422CCEF7D006200E0 /* XCRemoteSwiftPackageReference "Alamofire" */,
			);
			productRefGroup = AC6F29CE22CCEF34006200E0 /* Products */;
			projectDirPath = "";
			projectRoot = "";
			targets = (
				AC6F29CC22CCEF34006200E0 /* AlamofireForMe */,
			);
		};
/* End PBXProject section */

/* Begin PBXResourcesBuildPhase section */
		AC6F29CB22CCEF34006200E0 /* Resources */ = {
			isa = PBXResourcesBuildPhase;
			buildActionMask = 2147483647;
			files = (
				AC6F29DD22CCEF3A006200E0 /* LaunchScreen.storyboard in Resources */,
				AC6F29DA22CCEF3A006200E0 /* Assets.xcassets in Resources */,
				AC6F29D822CCEF34006200E0 /* Main.storyboard in Resources */,
			);
			runOnlyForDeploymentPostprocessing = 0;
		};
/* End PBXResourcesBuildPhase section */

/* Begin PBXSourcesBuildPhase section */
		AC6F29C922CCEF34006200E0 /* Sources */ = {
			isa = PBXSourcesBuildPhase;
			buildActionMask = 2147483647;
			files = (
				AC6F29D522CCEF34006200E0 /* ViewController.swift in Sources */,
				AC6F29D122CCEF34006200E0 /* AppDelegate.swift in Sources */,
				AC6F29D322CCEF34006200E0 /* SceneDelegate.swift in Sources */,
			);
			runOnlyForDeploymentPostprocessing = 0;
		};
/* End PBXSourcesBuildPhase section */

/* Begin PBXVariantGroup section */
		AC6F29D622CCEF34006200E0 /* Main.storyboard */ = {
			isa = PBXVariantGroup;
			children = (
				AC6F29D722CCEF34006200E0 /* Base */,
			);
			name = Main.storyboard;
			sourceTree = "<group>";
		};
		AC6F29DB22CCEF3A006200E0 /* LaunchScreen.storyboard */ = {
			isa = PBXVariantGroup;
			children = (
				AC6F29DC22CCEF3A006200E0 /* Base */,
			);
			name = LaunchScreen.storyboard;
			sourceTree = "<group>";
		};
/* End PBXVariantGroup section */

/* Begin XCBuildConfiguration section */
		AC6F29DF22CCEF3A006200E0 /* Debug */ = {
			isa = XCBuildConfiguration;
			buildSettings = {
				ALWAYS_SEARCH_USER_PATHS = NO;
				CLANG_ANALYZER_NONNULL = YES;
				CLANG_ANALYZER_NUMBER_OBJECT_CONVERSION = YES_AGGRESSIVE;
				CLANG_CXX_LANGUAGE_STANDARD = "gnu++14";
				CLANG_CXX_LIBRARY = "libc++";
				CLANG_ENABLE_MODULES = YES;
				CLANG_ENABLE_OBJC_ARC = YES;
				CLANG_ENABLE_OBJC_WEAK = YES;
				CLANG_WARN_BLOCK_CAPTURE_AUTORELEASING = YES;
				CLANG_WARN_BOOL_CONVERSION = YES;
				CLANG_WARN_COMMA = YES;
				CLANG_WARN_CONSTANT_CONVERSION = YES;
				CLANG_WARN_DEPRECATED_OBJC_IMPLEMENTATIONS = YES;
				CLANG_WARN_DIRECT_OBJC_ISA_USAGE = YES_ERROR;
				CLANG_WARN_DOCUMENTATION_COMMENTS = YES;
				CLANG_WARN_EMPTY_BODY = YES;
				CLANG_WARN_ENUM_CONVERSION = YES;
				CLANG_WARN_INFINITE_RECURSION = YES;
				CLANG_WARN_INT_CONVERSION = YES;
				CLANG_WARN_NON_LITERAL_NULL_CONVERSION = YES;
				CLANG_WARN_OBJC_IMPLICIT_RETAIN_SELF = YES;
				CLANG_WARN_OBJC_LITERAL_CONVERSION = YES;
				CLANG_WARN_OBJC_ROOT_CLASS = YES_ERROR;
				CLANG_WARN_RANGE_LOOP_ANALYSIS = YES;
				CLANG_WARN_STRICT_PROTOTYPES = YES;
				CLANG_WARN_SUSPICIOUS_MOVE = YES;
				CLANG_WARN_UNGUARDED_AVAILABILITY = YES_AGGRESSIVE;
				CLANG_WARN_UNREACHABLE_CODE = YES;
				CLANG_WARN__DUPLICATE_METHOD_MATCH = YES;
				COPY_PHASE_STRIP = NO;
				DEBUG_INFORMATION_FORMAT = dwarf;
				ENABLE_STRICT_OBJC_MSGSEND = YES;
				ENABLE_TESTABILITY = YES;
				GCC_C_LANGUAGE_STANDARD = gnu11;
				GCC_DYNAMIC_NO_PIC = NO;
				GCC_NO_COMMON_BLOCKS = YES;
				GCC_OPTIMIZATION_LEVEL = 0;
				GCC_PREPROCESSOR_DEFINITIONS = (
					"DEBUG=1",
					"$(inherited)",
				);
				GCC_WARN_64_TO_32_BIT_CONVERSION = YES;
				GCC_WARN_ABOUT_RETURN_TYPE = YES_ERROR;
				GCC_WARN_UNDECLARED_SELECTOR = YES;
				GCC_WARN_UNINITIALIZED_AUTOS = YES_AGGRESSIVE;
				GCC_WARN_UNUSED_FUNCTION = YES;
				GCC_WARN_UNUSED_VARIABLE = YES;
				IPHONEOS_DEPLOYMENT_TARGET = 13.0;
				MTL_ENABLE_DEBUG_INFO = INCLUDE_SOURCE;
				MTL_FAST_MATH = YES;
				ONLY_ACTIVE_ARCH = YES;
				SDKROOT = iphoneos;
				SWIFT_ACTIVE_COMPILATION_CONDITIONS = DEBUG;
				SWIFT_OPTIMIZATION_LEVEL = "-Onone";
			};
			name = Debug;
		};
		AC6F29E022CCEF3A006200E0 /* Release */ = {
			isa = XCBuildConfiguration;
			buildSettings = {
				ALWAYS_SEARCH_USER_PATHS = NO;
				CLANG_ANALYZER_NONNULL = YES;
				CLANG_ANALYZER_NUMBER_OBJECT_CONVERSION = YES_AGGRESSIVE;
				CLANG_CXX_LANGUAGE_STANDARD = "gnu++14";
				CLANG_CXX_LIBRARY = "libc++";
				CLANG_ENABLE_MODULES = YES;
				CLANG_ENABLE_OBJC_ARC = YES;
				CLANG_ENABLE_OBJC_WEAK = YES;
				CLANG_WARN_BLOCK_CAPTURE_AUTORELEASING = YES;
				CLANG_WARN_BOOL_CONVERSION = YES;
				CLANG_WARN_COMMA = YES;
				CLANG_WARN_CONSTANT_CONVERSION = YES;
				CLANG_WARN_DEPRECATED_OBJC_IMPLEMENTATIONS = YES;
				CLANG_WARN_DIRECT_OBJC_ISA_USAGE = YES_ERROR;
				CLANG_WARN_DOCUMENTATION_COMMENTS = YES;
				CLANG_WARN_EMPTY_BODY = YES;
				CLANG_WARN_ENUM_CONVERSION = YES;
				CLANG_WARN_INFINITE_RECURSION = YES;
				CLANG_WARN_INT_CONVERSION = YES;
				CLANG_WARN_NON_LITERAL_NULL_CONVERSION = YES;
				CLANG_WARN_OBJC_IMPLICIT_RETAIN_SELF = YES;
				CLANG_WARN_OBJC_LITERAL_CONVERSION = YES;
				CLANG_WARN_OBJC_ROOT_CLASS = YES_ERROR;
				CLANG_WARN_RANGE_LOOP_ANALYSIS = YES;
				CLANG_WARN_STRICT_PROTOTYPES = YES;
				CLANG_WARN_SUSPICIOUS_MOVE = YES;
				CLANG_WARN_UNGUARDED_AVAILABILITY = YES_AGGRESSIVE;
				CLANG_WARN_UNREACHABLE_CODE = YES;
				CLANG_WARN__DUPLICATE_METHOD_MATCH = YES;
				COPY_PHASE_STRIP = NO;
				DEBUG_INFORMATION_FORMAT = "dwarf-with-dsym";
				ENABLE_NS_ASSERTIONS = NO;
				ENABLE_STRICT_OBJC_MSGSEND = YES;
				GCC_C_LANGUAGE_STANDARD = gnu11;
				GCC_NO_COMMON_BLOCKS = YES;
				GCC_WARN_64_TO_32_BIT_CONVERSION = YES;
				GCC_WARN_ABOUT_RETURN_TYPE = YES_ERROR;
				GCC_WARN_UNDECLARED_SELECTOR = YES;
				GCC_WARN_UNINITIALIZED_AUTOS = YES_AGGRESSIVE;
				GCC_WARN_UNUSED_FUNCTION = YES;
				GCC_WARN_UNUSED_VARIABLE = YES;
				IPHONEOS_DEPLOYMENT_TARGET = 13.0;
				MTL_ENABLE_DEBUG_INFO = NO;
				MTL_FAST_MATH = YES;
				SDKROOT = iphoneos;
				SWIFT_COMPILATION_MODE = wholemodule;
				SWIFT_OPTIMIZATION_LEVEL = "-O";
				VALIDATE_PRODUCT = YES;
			};
			name = Release;
		};
		AC6F29E222CCEF3A006200E0 /* Debug */ = {
			isa = XCBuildConfiguration;
			buildSettings = {
				ASSETCATALOG_COMPILER_APPICON_NAME = AppIcon;
				CODE_SIGN_STYLE = Automatic;
				DEVELOPMENT_TEAM = SP8ZAT56L5;
				INFOPLIST_FILE = AlamofireForMe/Info.plist;
				LD_RUNPATH_SEARCH_PATHS = (
					"$(inherited)",
					"@executable_path/Frameworks",
				);
				PRODUCT_BUNDLE_IDENTIFIER = Art.AlamofireForMe;
				PRODUCT_NAME = "$(TARGET_NAME)";
				SWIFT_VERSION = 5.0;
				TARGETED_DEVICE_FAMILY = "1,2";
			};
			name = Debug;
		};
		AC6F29E322CCEF3A006200E0 /* Release */ = {
			isa = XCBuildConfiguration;
			buildSettings = {
				ASSETCATALOG_COMPILER_APPICON_NAME = AppIcon;
				CODE_SIGN_STYLE = Automatic;
				DEVELOPMENT_TEAM = SP8ZAT56L5;
				INFOPLIST_FILE = AlamofireForMe/Info.plist;
				LD_RUNPATH_SEARCH_PATHS = (
					"$(inherited)",
					"@executable_path/Frameworks",
				);
				PRODUCT_BUNDLE_IDENTIFIER = Art.AlamofireForMe;
				PRODUCT_NAME = "$(TARGET_NAME)";
				SWIFT_VERSION = 5.0;
				TARGETED_DEVICE_FAMILY = "1,2";
			};
			name = Release;
		};
/* End XCBuildConfiguration section */

/* Begin XCConfigurationList section */
		AC6F29C822CCEF34006200E0 /* Build configuration list for PBXProject "AlamofireForMe" */ = {
			isa = XCConfigurationList;
			buildConfigurations = (
				AC6F29DF22CCEF3A006200E0 /* Debug */,
				AC6F29E022CCEF3A006200E0 /* Release */,
			);
			defaultConfigurationIsVisible = 0;
			defaultConfigurationName = Release;
		};
		AC6F29E122CCEF3A006200E0 /* Build configuration list for PBXNativeTarget "AlamofireForMe" */ = {
			isa = XCConfigurationList;
			buildConfigurations = (
				AC6F29E222CCEF3A006200E0 /* Debug */,
				AC6F29E322CCEF3A006200E0 /* Release */,
			);
			defaultConfigurationIsVisible = 0;
			defaultConfigurationName = Release;
		};
/* End XCConfigurationList section */

/* Begin XCRemoteSwiftPackageReference section */
		AC6F29E422CCEF7D006200E0 /* XCRemoteSwiftPackageReference "Alamofire" */ = {
			isa = XCRemoteSwiftPackageReference;
			repositoryURL = "https://github.com/Alamofire/Alamofire.git";
			requirement = {
				kind = upToNextMajorVersion;
				minimumVersion = 4.8.2;
			};
		};
/* End XCRemoteSwiftPackageReference section */

/* Begin XCSwiftPackageProductDependency section */
		AC6F29E522CCEF7D006200E0 /* Alamofire */ = {
			isa = XCSwiftPackageProductDependency;
			package = AC6F29E422CCEF7D006200E0 /* XCRemoteSwiftPackageReference "Alamofire" */;
			productName = Alamofire;
		};
/* End XCSwiftPackageProductDependency section */
	};
	rootObject = AC6F29C522CCEF34006200E0 /* Project object */;
}
